
Microsoft Visual Studio Solution File, Format Version 12.00
# Visual Studio Version 17
VisualStudioVersion = 17.5.33516.290
MinimumVisualStudioVersion = 10.0.40219.1
Project("{9A19103F-16F7-4668-BE54-9A1E7A4F7556}") = "ZetaToXrayFrontend", "ZetaToXrayFrontend\ZetaToXrayFrontend.csproj", "{AC32821C-B8A9-4119-B87D-3D78CB75165F}"
	ProjectSection(ProjectDependencies) = postProject
		{4CC05F6C-5796-40F9-B99E-C3ECB3318F66} = {4CC05F6C-5796-40F9-B99E-C3ECB3318F66}
	EndProjectSection
EndProject
Project("{9A19103F-16F7-4668-BE54-9A1E7A4F7556}") = "ZetaToXrayBackend", "ZetaToXrayBackend\ZetaToXrayBackend.csproj", "{4CC05F6C-5796-40F9-B99E-C3ECB3318F66}"
EndProject
Global
	GlobalSection(SolutionConfigurationPlatforms) = preSolution
		Debug|Any CPU = Debug|Any CPU
		Release|Any CPU = Release|Any CPU
	EndGlobalSection
	GlobalSection(ProjectConfigurationPlatforms) = postSolution
		{AC32821C-B8A9-4119-B87D-3D78CB75165F}.Debug|Any CPU.ActiveCfg = Debug|Any CPU
		{AC32821C-B8A9-4119-B87D-3D78CB75165F}.Debug|Any CPU.Build.0 = Debug|Any CPU
		{AC32821C-B8A9-4119-B87D-3D78CB75165F}.Release|Any CPU.ActiveCfg = Release|Any CPU
		{AC32821C-B8A9-4119-B87D-3D78CB75165F}.Release|Any CPU.Build.0 = Release|Any CPU
		{4CC05F6C-5796-40F9-B99E-C3ECB3318F66}.Debug|Any CPU.ActiveCfg = Debug|Any CPU
		{4CC05F6C-5796-40F9-B99E-C3ECB3318F66}.Debug|Any CPU.Build.0 = Debug|Any CPU
		{4CC05F6C-5796-40F9-B99E-C3ECB3318F66}.Release|Any CPU.ActiveCfg = Release|Any CPU
		{4CC05F6C-5796-40F9-B99E-C3ECB3318F66}.Release|Any CPU.Build.0 = Release|Any CPU
	EndGlobalSection
	GlobalSection(SolutionProperties) = preSolution
		HideSolutionNode = FALSE
	EndGlobalSection
	GlobalSection(ExtensibilityGlobals) = postSolution
		SolutionGuid = {638AFD73-0C6B-4E91-9EFA-A5E3438DFDD1}
	EndGlobalSection
EndGlobal
